
Microsoft Visual Studio Solution File, Format Version 12.00
# Visual Studio Version 16
VisualStudioVersion = 16.0.30717.126
MinimumVisualStudioVersion = 10.0.40219.1
Project("{9A19103F-16F7-4668-BE54-9A1E7A4F7556}") = "BaristaApi", "BaristaApi.csproj", "{03D92F1D-CBC1-4244-9383-8E958D8B4499}"
EndProject
Project("{9A19103F-16F7-4668-BE54-9A1E7A4F7556}") = "BaristaApi.Test", "..\BaristaApi.Test\BaristaApi.Test.csproj", "{9E5465FC-7311-4777-8D41-F6E2CEB044BF}"
EndProject
Global
	GlobalSection(SolutionConfigurationPlatforms) = preSolution
		Debug|Any CPU = Debug|Any CPU
		Release|Any CPU = Release|Any CPU
	EndGlobalSection
	GlobalSection(ProjectConfigurationPlatforms) = postSolution
		{03D92F1D-CBC1-4244-9383-8E958D8B4499}.Debug|Any CPU.ActiveCfg = Debug|Any CPU
		{03D92F1D-CBC1-4244-9383-8E958D8B4499}.Debug|Any CPU.Build.0 = Debug|Any CPU
		{03D92F1D-CBC1-4244-9383-8E958D8B4499}.Release|Any CPU.ActiveCfg = Release|Any CPU
		{03D92F1D-CBC1-4244-9383-8E958D8B4499}.Release|Any CPU.Build.0 = Release|Any CPU
		{9E5465FC-7311-4777-8D41-F6E2CEB044BF}.Debug|Any CPU.ActiveCfg = Debug|Any CPU
		{9E5465FC-7311-4777-8D41-F6E2CEB044BF}.Debug|Any CPU.Build.0 = Debug|Any CPU
		{9E5465FC-7311-4777-8D41-F6E2CEB044BF}.Release|Any CPU.ActiveCfg = Release|Any CPU
		{9E5465FC-7311-4777-8D41-F6E2CEB044BF}.Release|Any CPU.Build.0 = Release|Any CPU
	EndGlobalSection
	GlobalSection(SolutionProperties) = preSolution
		HideSolutionNode = FALSE
	EndGlobalSection
	GlobalSection(ExtensibilityGlobals) = postSolution
		SolutionGuid = {2B953804-0F17-4BE2-9435-403270224F3A}
	EndGlobalSection
EndGlobal
